
Microsoft Visual Studio Solution File, Format Version 12.00
# Visual Studio Version 16
VisualStudioVersion = 16.0.31205.134
MinimumVisualStudioVersion = 10.0.40219.1
Project("{FAE04EC0-301F-11D3-BF4B-00C04F79EFBC}") = "API", "API\API.csproj", "{578D5F65-55A8-457D-9F02-31B11F5DCDB5}"
EndProject
Global
	GlobalSection(SolutionConfigurationPlatforms) = preSolution
		Debug|Any CPU = Debug|Any CPU
		Release|Any CPU = Release|Any CPU
	EndGlobalSection
	GlobalSection(ProjectConfigurationPlatforms) = postSolution
		{578D5F65-55A8-457D-9F02-31B11F5DCDB5}.Debug|Any CPU.ActiveCfg = Debug|Any CPU
		{578D5F65-55A8-457D-9F02-31B11F5DCDB5}.Debug|Any CPU.Build.0 = Debug|Any CPU
		{578D5F65-55A8-457D-9F02-31B11F5DCDB5}.Release|Any CPU.ActiveCfg = Release|Any CPU
		{578D5F65-55A8-457D-9F02-31B11F5DCDB5}.Release|Any CPU.Build.0 = Release|Any CPU
	EndGlobalSection
	GlobalSection(SolutionProperties) = preSolution
		HideSolutionNode = FALSE
	EndGlobalSection
	GlobalSection(ExtensibilityGlobals) = postSolution
		SolutionGuid = {D80264CE-8560-4DF4-BC78-C18802BB00FE}
	EndGlobalSection
EndGlobal
